
Microsoft Visual Studio Solution File, Format Version 12.00
# Visual Studio Version 16
VisualStudioVersion = 16.0.30114.105
MinimumVisualStudioVersion = 10.0.40219.1
Project("{FAE04EC0-301F-11D3-BF4B-00C04F79EFBC}") = "API", "API\API.csproj", "{50867E95-2453-41CB-AA56-52B58CD9E1AF}"
EndProject
Project("{FAE04EC0-301F-11D3-BF4B-00C04F79EFBC}") = "Domain", "Domain\Domain.csproj", "{FDB8A4F8-5C85-4D4E-A496-864FF0B28801}"
EndProject
Project("{FAE04EC0-301F-11D3-BF4B-00C04F79EFBC}") = "Persistance", "Persistance\Persistance.csproj", "{74143889-49B4-4B43-8D28-DDB96C45DEE5}"
EndProject
Project("{FAE04EC0-301F-11D3-BF4B-00C04F79EFBC}") = "Application", "Application\Application.csproj", "{F7E2D133-E76C-4B8E-AB5C-5539D20C91B3}"
EndProject
Global
	GlobalSection(SolutionConfigurationPlatforms) = preSolution
		Debug|Any CPU = Debug|Any CPU
		Debug|x64 = Debug|x64
		Debug|x86 = Debug|x86
		Release|Any CPU = Release|Any CPU
		Release|x64 = Release|x64
		Release|x86 = Release|x86
	EndGlobalSection
	GlobalSection(SolutionProperties) = preSolution
		HideSolutionNode = FALSE
	EndGlobalSection
	GlobalSection(ProjectConfigurationPlatforms) = postSolution
		{50867E95-2453-41CB-AA56-52B58CD9E1AF}.Debug|Any CPU.ActiveCfg = Debug|Any CPU
		{50867E95-2453-41CB-AA56-52B58CD9E1AF}.Debug|Any CPU.Build.0 = Debug|Any CPU
		{50867E95-2453-41CB-AA56-52B58CD9E1AF}.Debug|x64.ActiveCfg = Debug|Any CPU
		{50867E95-2453-41CB-AA56-52B58CD9E1AF}.Debug|x64.Build.0 = Debug|Any CPU
		{50867E95-2453-41CB-AA56-52B58CD9E1AF}.Debug|x86.ActiveCfg = Debug|Any CPU
		{50867E95-2453-41CB-AA56-52B58CD9E1AF}.Debug|x86.Build.0 = Debug|Any CPU
		{50867E95-2453-41CB-AA56-52B58CD9E1AF}.Release|Any CPU.ActiveCfg = Release|Any CPU
		{50867E95-2453-41CB-AA56-52B58CD9E1AF}.Release|Any CPU.Build.0 = Release|Any CPU
		{50867E95-2453-41CB-AA56-52B58CD9E1AF}.Release|x64.ActiveCfg = Release|Any CPU
		{50867E95-2453-41CB-AA56-52B58CD9E1AF}.Release|x64.Build.0 = Release|Any CPU
		{50867E95-2453-41CB-AA56-52B58CD9E1AF}.Release|x86.ActiveCfg = Release|Any CPU
		{50867E95-2453-41CB-AA56-52B58CD9E1AF}.Release|x86.Build.0 = Release|Any CPU
		{FDB8A4F8-5C85-4D4E-A496-864FF0B28801}.Debug|Any CPU.ActiveCfg = Debug|Any CPU
		{FDB8A4F8-5C85-4D4E-A496-864FF0B28801}.Debug|Any CPU.Build.0 = Debug|Any CPU
		{FDB8A4F8-5C85-4D4E-A496-864FF0B28801}.Debug|x64.ActiveCfg = Debug|Any CPU
		{FDB8A4F8-5C85-4D4E-A496-864FF0B28801}.Debug|x64.Build.0 = Debug|Any CPU
		{FDB8A4F8-5C85-4D4E-A496-864FF0B28801}.Debug|x86.ActiveCfg = Debug|Any CPU
		{FDB8A4F8-5C85-4D4E-A496-864FF0B28801}.Debug|x86.Build.0 = Debug|Any CPU
		{FDB8A4F8-5C85-4D4E-A496-864FF0B28801}.Release|Any CPU.ActiveCfg = Release|Any CPU
		{FDB8A4F8-5C85-4D4E-A496-864FF0B28801}.Release|Any CPU.Build.0 = Release|Any CPU
		{FDB8A4F8-5C85-4D4E-A496-864FF0B28801}.Release|x64.ActiveCfg = Release|Any CPU
		{FDB8A4F8-5C85-4D4E-A496-864FF0B28801}.Release|x64.Build.0 = Release|Any CPU
		{FDB8A4F8-5C85-4D4E-A496-864FF0B28801}.Release|x86.ActiveCfg = Release|Any CPU
		{FDB8A4F8-5C85-4D4E-A496-864FF0B28801}.Release|x86.Build.0 = Release|Any CPU
		{74143889-49B4-4B43-8D28-DDB96C45DEE5}.Debug|Any CPU.ActiveCfg = Debug|Any CPU
		{74143889-49B4-4B43-8D28-DDB96C45DEE5}.Debug|Any CPU.Build.0 = Debug|Any CPU
		{74143889-49B4-4B43-8D28-DDB96C45DEE5}.Debug|x64.ActiveCfg = Debug|Any CPU
		{74143889-49B4-4B43-8D28-DDB96C45DEE5}.Debug|x64.Build.0 = Debug|Any CPU
		{74143889-49B4-4B43-8D28-DDB96C45DEE5}.Debug|x86.ActiveCfg = Debug|Any CPU
		{74143889-49B4-4B43-8D28-DDB96C45DEE5}.Debug|x86.Build.0 = Debug|Any CPU
		{74143889-49B4-4B43-8D28-DDB96C45DEE5}.Release|Any CPU.ActiveCfg = Release|Any CPU
		{74143889-49B4-4B43-8D28-DDB96C45DEE5}.Release|Any CPU.Build.0 = Release|Any CPU
		{74143889-49B4-4B43-8D28-DDB96C45DEE5}.Release|x64.ActiveCfg = Release|Any CPU
		{74143889-49B4-4B43-8D28-DDB96C45DEE5}.Release|x64.Build.0 = Release|Any CPU
		{74143889-49B4-4B43-8D28-DDB96C45DEE5}.Release|x86.ActiveCfg = Release|Any CPU
		{74143889-49B4-4B43-8D28-DDB96C45DEE5}.Release|x86.Build.0 = Release|Any CPU
		{F7E2D133-E76C-4B8E-AB5C-5539D20C91B3}.Debug|Any CPU.ActiveCfg = Debug|Any CPU
		{F7E2D133-E76C-4B8E-AB5C-5539D20C91B3}.Debug|Any CPU.Build.0 = Debug|Any CPU
		{F7E2D133-E76C-4B8E-AB5C-5539D20C91B3}.Debug|x64.ActiveCfg = Debug|Any CPU
		{F7E2D133-E76C-4B8E-AB5C-5539D20C91B3}.Debug|x64.Build.0 = Debug|Any CPU
		{F7E2D133-E76C-4B8E-AB5C-5539D20C91B3}.Debug|x86.ActiveCfg = Debug|Any CPU
		{F7E2D133-E76C-4B8E-AB5C-5539D20C91B3}.Debug|x86.Build.0 = Debug|Any CPU
		{F7E2D133-E76C-4B8E-AB5C-5539D20C91B3}.Release|Any CPU.ActiveCfg = Release|Any CPU
		{F7E2D133-E76C-4B8E-AB5C-5539D20C91B3}.Release|Any CPU.Build.0 = Release|Any CPU
		{F7E2D133-E76C-4B8E-AB5C-5539D20C91B3}.Release|x64.ActiveCfg = Release|Any CPU
		{F7E2D133-E76C-4B8E-AB5C-5539D20C91B3}.Release|x64.Build.0 = Release|Any CPU
		{F7E2D133-E76C-4B8E-AB5C-5539D20C91B3}.Release|x86.ActiveCfg = Release|Any CPU
		{F7E2D133-E76C-4B8E-AB5C-5539D20C91B3}.Release|x86.Build.0 = Release|Any CPU
	EndGlobalSection
EndGlobal
